
Microsoft Visual Studio Solution File, Format Version 12.00
# Visual Studio Version 17
VisualStudioVersion = 17.5.002.0
MinimumVisualStudioVersion = 10.0.40219.1
Project("{9A19103F-16F7-4668-BE54-9A1E7A4F7556}") = "weather-station", "weather-station.csproj", "{B161BF38-93C4-4F89-90F8-5DA62CF02D58}"
EndProject
Global
	GlobalSection(SolutionConfigurationPlatforms) = preSolution
		Debug|Any CPU = Debug|Any CPU
		Release|Any CPU = Release|Any CPU
	EndGlobalSection
	GlobalSection(ProjectConfigurationPlatforms) = postSolution
		{B161BF38-93C4-4F89-90F8-5DA62CF02D58}.Debug|Any CPU.ActiveCfg = Debug|Any CPU
		{B161BF38-93C4-4F89-90F8-5DA62CF02D58}.Debug|Any CPU.Build.0 = Debug|Any CPU
		{B161BF38-93C4-4F89-90F8-5DA62CF02D58}.Release|Any CPU.ActiveCfg = Release|Any CPU
		{B161BF38-93C4-4F89-90F8-5DA62CF02D58}.Release|Any CPU.Build.0 = Release|Any CPU
	EndGlobalSection
	GlobalSection(SolutionProperties) = preSolution
		HideSolutionNode = FALSE
	EndGlobalSection
	GlobalSection(ExtensibilityGlobals) = postSolution
		SolutionGuid = {2B6ED31C-12E4-438A-8C32-B459E67D1E47}
	EndGlobalSection
EndGlobal
